// !$*UTF8*$!
{
	archiveVersion = 1;
	classes = {
	};
	objectVersion = 56;
	objects = {

/* Begin PBXBuildFile section */
		CB0AD33A29E481CA00CA7A35 /* main.cpp in Sources */ = {isa = PBXBuildFile; fileRef = CB0AD33929E481CA00CA7A35 /* main.cpp */; };
		CB39596F2A290BF700C906A2 /* SecondScene.cpp in Sources */ = {isa = PBXBuildFile; fileRef = CB39596D2A290BF700C906A2 /* SecondScene.cpp */; };
		CB3959722A291DFD00C906A2 /* ThirdScene.cpp in Sources */ = {isa = PBXBuildFile; fileRef = CB3959702A291DFD00C906A2 /* ThirdScene.cpp */; };
		CB3959752A29222300C906A2 /* FourthScene.cpp in Sources */ = {isa = PBXBuildFile; fileRef = CB3959732A29222300C906A2 /* FourthScene.cpp */; };
		CB5258332A175DFE00E291EA /* DrawLib.cpp in Sources */ = {isa = PBXBuildFile; fileRef = CB5258312A175DFE00E291EA /* DrawLib.cpp */; };
		CB6EB4892A2CDB8E00BC24FC /* LastScene.cpp in Sources */ = {isa = PBXBuildFile; fileRef = CB6EB4872A2CDB8E00BC24FC /* LastScene.cpp */; };
		CBB346FD2A266FC200C14A1B /* First scene.cpp in Sources */ = {isa = PBXBuildFile; fileRef = CBB346FB2A266FC200C14A1B /* First scene.cpp */; };
		CBC0B6C029E5B6A8004FACE1 /* OpenGL.framework in Frameworks */ = {isa = PBXBuildFile; fileRef = CBB4055D29E52F4E001A56A1 /* OpenGL.framework */; };
		CBC0B6C129E5B6AE004FACE1 /* GLUT.framework in Frameworks */ = {isa = PBXBuildFile; fileRef = CBB4055F29E52F55001A56A1 /* GLUT.framework */; };
/* End PBXBuildFile section */

/* Begin PBXCopyFilesBuildPhase section */
		CB0AD33429E481CA00CA7A35 /* CopyFiles */ = {
			isa = PBXCopyFilesBuildPhase;
			buildActionMask = 2147483647;
			dstPath = /usr/share/man/man1/;
			dstSubfolderSpec = 0;
			files = (
			);
			runOnlyForDeploymentPostprocessing = 1;
		};
/* End PBXCopyFilesBuildPhase section */

/* Begin PBXFileReference section */
		CB0AD33629E481CA00CA7A35 /* game_openGL */ = {isa = PBXFileReference; explicitFileType = "compiled.mach-o.executable"; includeInIndex = 0; path = game_openGL; sourceTree = BUILT_PRODUCTS_DIR; };
		CB0AD33929E481CA00CA7A35 /* main.cpp */ = {isa = PBXFileReference; lastKnownFileType = sourcecode.cpp.cpp; path = main.cpp; sourceTree = "<group>"; };
		CB39596D2A290BF700C906A2 /* SecondScene.cpp */ = {isa = PBXFileReference; lastKnownFileType = sourcecode.cpp.cpp; path = SecondScene.cpp; sourceTree = "<group>"; };
		CB39596E2A290BF700C906A2 /* SecondScene.hpp */ = {isa = PBXFileReference; lastKnownFileType = sourcecode.cpp.h; path = SecondScene.hpp; sourceTree = "<group>"; };
		CB3959702A291DFD00C906A2 /* ThirdScene.cpp */ = {isa = PBXFileReference; lastKnownFileType = sourcecode.cpp.cpp; path = ThirdScene.cpp; sourceTree = "<group>"; };
		CB3959712A291DFD00C906A2 /* ThirdScene.hpp */ = {isa = PBXFileReference; lastKnownFileType = sourcecode.cpp.h; path = ThirdScene.hpp; sourceTree = "<group>"; };
		CB3959732A29222300C906A2 /* FourthScene.cpp */ = {isa = PBXFileReference; lastKnownFileType = sourcecode.cpp.cpp; path = FourthScene.cpp; sourceTree = "<group>"; };
		CB3959742A29222300C906A2 /* FourthScene.hpp */ = {isa = PBXFileReference; lastKnownFileType = sourcecode.cpp.h; path = FourthScene.hpp; sourceTree = "<group>"; };
		CB5258312A175DFE00E291EA /* DrawLib.cpp */ = {isa = PBXFileReference; lastKnownFileType = sourcecode.cpp.cpp; path = DrawLib.cpp; sourceTree = "<group>"; };
		CB6EB4872A2CDB8E00BC24FC /* LastScene.cpp */ = {isa = PBXFileReference; lastKnownFileType = sourcecode.cpp.cpp; path = LastScene.cpp; sourceTree = "<group>"; };
		CB6EB4882A2CDB8E00BC24FC /* LastScene.hpp */ = {isa = PBXFileReference; lastKnownFileType = sourcecode.cpp.h; path = LastScene.hpp; sourceTree = "<group>"; };
		CBB346FB2A266FC200C14A1B /* First scene.cpp */ = {isa = PBXFileReference; lastKnownFileType = sourcecode.cpp.cpp; path = "First scene.cpp"; sourceTree = "<group>"; };
		CBB346FC2A266FC200C14A1B /* First scene.hpp */ = {isa = PBXFileReference; lastKnownFileType = sourcecode.cpp.h; path = "First scene.hpp"; sourceTree = "<group>"; };
		CBB4055D29E52F4E001A56A1 /* OpenGL.framework */ = {isa = PBXFileReference; lastKnownFileType = wrapper.framework; name = OpenGL.framework; path = System/Library/Frameworks/OpenGL.framework; sourceTree = SDKROOT; };
		CBB4055F29E52F55001A56A1 /* GLUT.framework */ = {isa = PBXFileReference; lastKnownFileType = wrapper.framework; name = GLUT.framework; path = System/Library/Frameworks/GLUT.framework; sourceTree = SDKROOT; };
		CBECACCD2A2519BE0074380C /* Figure .h */ = {isa = PBXFileReference; lastKnownFileType = sourcecode.c.h; path = "Figure .h"; sourceTree = "<group>"; };
		CBECACCE2A251A420074380C /* DrawLib.hpp */ = {isa = PBXFileReference; fileEncoding = 4; lastKnownFileType = sourcecode.cpp.h; path = DrawLib.hpp; sourceTree = "<group>"; };
/* End PBXFileReference section */

/* Begin PBXFrameworksBuildPhase section */
		CB0AD33329E481CA00CA7A35 /* Frameworks */ = {
			isa = PBXFrameworksBuildPhase;
			buildActionMask = 2147483647;
			files = (
				CBC0B6C129E5B6AE004FACE1 /* GLUT.framework in Frameworks */,
				CBC0B6C029E5B6A8004FACE1 /* OpenGL.framework in Frameworks */,
			);
			runOnlyForDeploymentPostprocessing = 0;
		};
/* End PBXFrameworksBuildPhase section */

/* Begin PBXGroup section */
		CB0AD32D29E481CA00CA7A35 = {
			isa = PBXGroup;
			children = (
				CBB346FB2A266FC200C14A1B /* First scene.cpp */,
				CBB346FC2A266FC200C14A1B /* First scene.hpp */,
				CB0AD33829E481CA00CA7A35 /* game_openGL */,
				CB0AD33729E481CA00CA7A35 /* Products */,
				CBB4055C29E52F4E001A56A1 /* Frameworks */,
			);
			sourceTree = "<group>";
		};
		CB0AD33729E481CA00CA7A35 /* Products */ = {
			isa = PBXGroup;
			children = (
				CB0AD33629E481CA00CA7A35 /* game_openGL */,
			);
			name = Products;
			sourceTree = "<group>";
		};
		CB0AD33829E481CA00CA7A35 /* game_openGL */ = {
			isa = PBXGroup;
			children = (
				CB0AD33929E481CA00CA7A35 /* main.cpp */,
				CB5258312A175DFE00E291EA /* DrawLib.cpp */,
				CBECACCD2A2519BE0074380C /* Figure .h */,
				CBECACCE2A251A420074380C /* DrawLib.hpp */,
				CB39596D2A290BF700C906A2 /* SecondScene.cpp */,
				CB39596E2A290BF700C906A2 /* SecondScene.hpp */,
				CB3959702A291DFD00C906A2 /* ThirdScene.cpp */,
				CB3959712A291DFD00C906A2 /* ThirdScene.hpp */,
				CB3959732A29222300C906A2 /* FourthScene.cpp */,
				CB3959742A29222300C906A2 /* FourthScene.hpp */,
				CB6EB4872A2CDB8E00BC24FC /* LastScene.cpp */,
				CB6EB4882A2CDB8E00BC24FC /* LastScene.hpp */,
			);
			path = game_openGL;
			sourceTree = "<group>";
		};
		CBB4055C29E52F4E001A56A1 /* Frameworks */ = {
			isa = PBXGroup;
			children = (
				CBB4055F29E52F55001A56A1 /* GLUT.framework */,
				CBB4055D29E52F4E001A56A1 /* OpenGL.framework */,
			);
			name = Frameworks;
			sourceTree = "<group>";
		};
/* End PBXGroup section */

/* Begin PBXNativeTarget section */
		CB0AD33529E481CA00CA7A35 /* game_openGL */ = {
			isa = PBXNativeTarget;
			buildConfigurationList = CB0AD33D29E481CA00CA7A35 /* Build configuration list for PBXNativeTarget "game_openGL" */;
			buildPhases = (
				CB0AD33229E481CA00CA7A35 /* Sources */,
				CB0AD33329E481CA00CA7A35 /* Frameworks */,
				CB0AD33429E481CA00CA7A35 /* CopyFiles */,
			);
			buildRules = (
			);
			dependencies = (
			);
			name = game_openGL;
			productName = game_openGL;
			productReference = CB0AD33629E481CA00CA7A35 /* game_openGL */;
			productType = "com.apple.product-type.tool";
		};
/* End PBXNativeTarget section */

/* Begin PBXProject section */
		CB0AD32E29E481CA00CA7A35 /* Project object */ = {
			isa = PBXProject;
			attributes = {
				BuildIndependentTargetsInParallel = 1;
				LastUpgradeCheck = 1430;
				TargetAttributes = {
					CB0AD33529E481CA00CA7A35 = {
						CreatedOnToolsVersion = 14.3;
					};
				};
			};
			buildConfigurationList = CB0AD33129E481CA00CA7A35 /* Build configuration list for PBXProject "game_openGL" */;
			compatibilityVersion = "Xcode 14.0";
			developmentRegion = en;
			hasScannedForEncodings = 0;
			knownRegions = (
				en,
				Base,
			);
			mainGroup = CB0AD32D29E481CA00CA7A35;
			productRefGroup = CB0AD33729E481CA00CA7A35 /* Products */;
			projectDirPath = "";
			projectRoot = "";
			targets = (
				CB0AD33529E481CA00CA7A35 /* game_openGL */,
			);
		};
/* End PBXProject section */

/* Begin PBXSourcesBuildPhase section */
		CB0AD33229E481CA00CA7A35 /* Sources */ = {
			isa = PBXSourcesBuildPhase;
			buildActionMask = 2147483647;
			files = (
				CBB346FD2A266FC200C14A1B /* First scene.cpp in Sources */,
				CB0AD33A29E481CA00CA7A35 /* main.cpp in Sources */,
				CB6EB4892A2CDB8E00BC24FC /* LastScene.cpp in Sources */,
				CB39596F2A290BF700C906A2 /* SecondScene.cpp in Sources */,
				CB5258332A175DFE00E291EA /* DrawLib.cpp in Sources */,
				CB3959752A29222300C906A2 /* FourthScene.cpp in Sources */,
				CB3959722A291DFD00C906A2 /* ThirdScene.cpp in Sources */,
			);
			runOnlyForDeploymentPostprocessing = 0;
		};
/* End PBXSourcesBuildPhase section */

/* Begin XCBuildConfiguration section */
		CB0AD33B29E481CA00CA7A35 /* Debug */ = {
			isa = XCBuildConfiguration;
			buildSettings = {
				ALWAYS_SEARCH_USER_PATHS = NO;
				CLANG_ANALYZER_NONNULL = YES;
				CLANG_ANALYZER_NUMBER_OBJECT_CONVERSION = YES_AGGRESSIVE;
				CLANG_CXX_LANGUAGE_STANDARD = "gnu++20";
				CLANG_ENABLE_MODULES = YES;
				CLANG_ENABLE_OBJC_ARC = YES;
				CLANG_ENABLE_OBJC_WEAK = YES;
				CLANG_WARN_BLOCK_CAPTURE_AUTORELEASING = YES;
				CLANG_WARN_BOOL_CONVERSION = YES;
				CLANG_WARN_COMMA = YES;
				CLANG_WARN_CONSTANT_CONVERSION = YES;
				CLANG_WARN_DEPRECATED_OBJC_IMPLEMENTATIONS = YES;
				CLANG_WARN_DIRECT_OBJC_ISA_USAGE = YES_ERROR;
				CLANG_WARN_DOCUMENTATION_COMMENTS = YES;
				CLANG_WARN_EMPTY_BODY = YES;
				CLANG_WARN_ENUM_CONVERSION = YES;
				CLANG_WARN_INFINITE_RECURSION = YES;
				CLANG_WARN_INT_CONVERSION = YES;
				CLANG_WARN_NON_LITERAL_NULL_CONVERSION = YES;
				CLANG_WARN_OBJC_IMPLICIT_RETAIN_SELF = YES;
				CLANG_WARN_OBJC_LITERAL_CONVERSION = YES;
				CLANG_WARN_OBJC_ROOT_CLASS = YES_ERROR;
				CLANG_WARN_QUOTED_INCLUDE_IN_FRAMEWORK_HEADER = YES;
				CLANG_WARN_RANGE_LOOP_ANALYSIS = YES;
				CLANG_WARN_STRICT_PROTOTYPES = YES;
				CLANG_WARN_SUSPICIOUS_MOVE = YES;
				CLANG_WARN_UNGUARDED_AVAILABILITY = YES_AGGRESSIVE;
				CLANG_WARN_UNREACHABLE_CODE = YES;
				CLANG_WARN__DUPLICATE_METHOD_MATCH = YES;
				COPY_PHASE_STRIP = NO;
				DEBUG_INFORMATION_FORMAT = dwarf;
				ENABLE_STRICT_OBJC_MSGSEND = YES;
				ENABLE_TESTABILITY = YES;
				GCC_C_LANGUAGE_STANDARD = gnu11;
				GCC_DYNAMIC_NO_PIC = NO;
				GCC_NO_COMMON_BLOCKS = YES;
				GCC_OPTIMIZATION_LEVEL = 0;
				GCC_PREPROCESSOR_DEFINITIONS = (
					"DEBUG=1",
					"$(inherited)",
				);
				GCC_WARN_64_TO_32_BIT_CONVERSION = YES;
				GCC_WARN_ABOUT_RETURN_TYPE = YES_ERROR;
				GCC_WARN_UNDECLARED_SELECTOR = YES;
				GCC_WARN_UNINITIALIZED_AUTOS = YES_AGGRESSIVE;
				GCC_WARN_UNUSED_FUNCTION = YES;
				GCC_WARN_UNUSED_VARIABLE = YES;
				MACOSX_DEPLOYMENT_TARGET = 13.1;
				MTL_ENABLE_DEBUG_INFO = INCLUDE_SOURCE;
				MTL_FAST_MATH = YES;
				ONLY_ACTIVE_ARCH = YES;
				SDKROOT = macosx;
			};
			name = Debug;
		};
		CB0AD33C29E481CA00CA7A35 /* Release */ = {
			isa = XCBuildConfiguration;
			buildSettings = {
				ALWAYS_SEARCH_USER_PATHS = NO;
				CLANG_ANALYZER_NONNULL = YES;
				CLANG_ANALYZER_NUMBER_OBJECT_CONVERSION = YES_AGGRESSIVE;
				CLANG_CXX_LANGUAGE_STANDARD = "gnu++20";
				CLANG_ENABLE_MODULES = YES;
				CLANG_ENABLE_OBJC_ARC = YES;
				CLANG_ENABLE_OBJC_WEAK = YES;
				CLANG_WARN_BLOCK_CAPTURE_AUTORELEASING = YES;
				CLANG_WARN_BOOL_CONVERSION = YES;
				CLANG_WARN_COMMA = YES;
				CLANG_WARN_CONSTANT_CONVERSION = YES;
				CLANG_WARN_DEPRECATED_OBJC_IMPLEMENTATIONS = YES;
				CLANG_WARN_DIRECT_OBJC_ISA_USAGE = YES_ERROR;
				CLANG_WARN_DOCUMENTATION_COMMENTS = YES;
				CLANG_WARN_EMPTY_BODY = YES;
				CLANG_WARN_ENUM_CONVERSION = YES;
				CLANG_WARN_INFINITE_RECURSION = YES;
				CLANG_WARN_INT_CONVERSION = YES;
				CLANG_WARN_NON_LITERAL_NULL_CONVERSION = YES;
				CLANG_WARN_OBJC_IMPLICIT_RETAIN_SELF = YES;
				CLANG_WARN_OBJC_LITERAL_CONVERSION = YES;
				CLANG_WARN_OBJC_ROOT_CLASS = YES_ERROR;
				CLANG_WARN_QUOTED_INCLUDE_IN_FRAMEWORK_HEADER = YES;
				CLANG_WARN_RANGE_LOOP_ANALYSIS = YES;
				CLANG_WARN_STRICT_PROTOTYPES = YES;
				CLANG_WARN_SUSPICIOUS_MOVE = YES;
				CLANG_WARN_UNGUARDED_AVAILABILITY = YES_AGGRESSIVE;
				CLANG_WARN_UNREACHABLE_CODE = YES;
				CLANG_WARN__DUPLICATE_METHOD_MATCH = YES;
				COPY_PHASE_STRIP = NO;
				DEBUG_INFORMATION_FORMAT = "dwarf-with-dsym";
				ENABLE_NS_ASSERTIONS = NO;
				ENABLE_STRICT_OBJC_MSGSEND = YES;
				GCC_C_LANGUAGE_STANDARD = gnu11;
				GCC_NO_COMMON_BLOCKS = YES;
				GCC_WARN_64_TO_32_BIT_CONVERSION = YES;
				GCC_WARN_ABOUT_RETURN_TYPE = YES_ERROR;
				GCC_WARN_UNDECLARED_SELECTOR = YES;
				GCC_WARN_UNINITIALIZED_AUTOS = YES_AGGRESSIVE;
				GCC_WARN_UNUSED_FUNCTION = YES;
				GCC_WARN_UNUSED_VARIABLE = YES;
				MACOSX_DEPLOYMENT_TARGET = 13.1;
				MTL_ENABLE_DEBUG_INFO = NO;
				MTL_FAST_MATH = YES;
				SDKROOT = macosx;
			};
			name = Release;
		};
		CB0AD33E29E481CA00CA7A35 /* Debug */ = {
			isa = XCBuildConfiguration;
			buildSettings = {
				CODE_SIGN_STYLE = Automatic;
				LIBRARY_SEARCH_PATHS = /opt/homebrew/Cellar/libpng/1.6.39/include;
				PRODUCT_NAME = "$(TARGET_NAME)";
			};
			name = Debug;
		};
		CB0AD33F29E481CA00CA7A35 /* Release */ = {
			isa = XCBuildConfiguration;
			buildSettings = {
				CODE_SIGN_STYLE = Automatic;
				LIBRARY_SEARCH_PATHS = /opt/homebrew/Cellar/libpng/1.6.39/include;
				PRODUCT_NAME = "$(TARGET_NAME)";
			};
			name = Release;
		};
/* End XCBuildConfiguration section */

/* Begin XCConfigurationList section */
		CB0AD33129E481CA00CA7A35 /* Build configuration list for PBXProject "game_openGL" */ = {
			isa = XCConfigurationList;
			buildConfigurations = (
				CB0AD33B29E481CA00CA7A35 /* Debug */,
				CB0AD33C29E481CA00CA7A35 /* Release */,
			);
			defaultConfigurationIsVisible = 0;
			defaultConfigurationName = Release;
		};
		CB0AD33D29E481CA00CA7A35 /* Build configuration list for PBXNativeTarget "game_openGL" */ = {
			isa = XCConfigurationList;
			buildConfigurations = (
				CB0AD33E29E481CA00CA7A35 /* Debug */,
				CB0AD33F29E481CA00CA7A35 /* Release */,
			);
			defaultConfigurationIsVisible = 0;
			defaultConfigurationName = Release;
		};
/* End XCConfigurationList section */
	};
	rootObject = CB0AD32E29E481CA00CA7A35 /* Project object */;
}
